
Microsoft Visual Studio Solution File, Format Version 12.00
# Visual Studio Version 17
VisualStudioVersion = 17.13.35507.96
MinimumVisualStudioVersion = 10.0.40219.1
Project("{FAE04EC0-301F-11D3-BF4B-00C04F79EFBC}") = "CS01", "CSExample\CS01.csproj", "{D69CE9F0-8FD9-4187-A3B4-E013E36BB832}"
EndProject
Project("{FAE04EC0-301F-11D3-BF4B-00C04F79EFBC}") = "BT1", "BT1\BT1.csproj", "{F54521C7-3CD4-40B6-953B-F6D2E3ABC4B8}"
EndProject
Project("{FAE04EC0-301F-11D3-BF4B-00C04F79EFBC}") = "BT2", "BT2\BT2.csproj", "{93DF0695-2CBD-40AA-9B15-4854679D3297}"
EndProject
Global
	GlobalSection(SolutionConfigurationPlatforms) = preSolution
		Debug|Any CPU = Debug|Any CPU
		Release|Any CPU = Release|Any CPU
	EndGlobalSection
	GlobalSection(ProjectConfigurationPlatforms) = postSolution
		{D69CE9F0-8FD9-4187-A3B4-E013E36BB832}.Debug|Any CPU.ActiveCfg = Debug|Any CPU
		{D69CE9F0-8FD9-4187-A3B4-E013E36BB832}.Debug|Any CPU.Build.0 = Debug|Any CPU
		{D69CE9F0-8FD9-4187-A3B4-E013E36BB832}.Release|Any CPU.ActiveCfg = Release|Any CPU
		{D69CE9F0-8FD9-4187-A3B4-E013E36BB832}.Release|Any CPU.Build.0 = Release|Any CPU
		{F54521C7-3CD4-40B6-953B-F6D2E3ABC4B8}.Debug|Any CPU.ActiveCfg = Debug|Any CPU
		{F54521C7-3CD4-40B6-953B-F6D2E3ABC4B8}.Debug|Any CPU.Build.0 = Debug|Any CPU
		{F54521C7-3CD4-40B6-953B-F6D2E3ABC4B8}.Release|Any CPU.ActiveCfg = Release|Any CPU
		{F54521C7-3CD4-40B6-953B-F6D2E3ABC4B8}.Release|Any CPU.Build.0 = Release|Any CPU
		{93DF0695-2CBD-40AA-9B15-4854679D3297}.Debug|Any CPU.ActiveCfg = Debug|Any CPU
		{93DF0695-2CBD-40AA-9B15-4854679D3297}.Debug|Any CPU.Build.0 = Debug|Any CPU
		{93DF0695-2CBD-40AA-9B15-4854679D3297}.Release|Any CPU.ActiveCfg = Release|Any CPU
		{93DF0695-2CBD-40AA-9B15-4854679D3297}.Release|Any CPU.Build.0 = Release|Any CPU
	EndGlobalSection
	GlobalSection(SolutionProperties) = preSolution
		HideSolutionNode = FALSE
	EndGlobalSection
	GlobalSection(ExtensibilityGlobals) = postSolution
		SolutionGuid = {19756D6C-FE15-4C37-9F94-DF2C35173C28}
	EndGlobalSection
EndGlobal
